{
    "_readme": [
        "This file locks the dependencies of your project to a known state",
        "Read more about it at https://getcomposer.org/doc/01-basic-usage.md#composer-lock-the-lock-file",
        "This file is @generated automatically"
    ],
    "hash": "785459f0ea61091ede27682982939164",
    "content-hash": "81eba4703a687c7d338436c7daad2141",
    "packages": [
        {
            "name": "moxie-lean/wp-elements",
            "version": "0.2.4",
            "source": {
                "type": "git",
                "url": "https://github.com/moxie-leean/wp-elements.git",
                "reference": "337641bcb91e0f952a3796ecccddae6981158317"
            },
            "dist": {
                "type": "zip",
                "url": "https://api.github.com/repos/moxie-leean/wp-elements/zipball/337641bcb91e0f952a3796ecccddae6981158317",
                "reference": "337641bcb91e0f952a3796ecccddae6981158317",
                "shasum": ""
            },
            "require": {
                "php": ">=5.4"
            },
            "require-dev": {
                "squizlabs/php_codesniffer": "2.*",
                "wp-coding-standards/wpcs": "0.9.0"
            },
            "type": "library",
            "autoload": {
                "psr-4": {
                    "Lean\\Elements\\": "src/"
                }
            },
            "notification-url": "https://packagist.org/downloads/",
            "license": [
                "MIT"
            ],
            "authors": [
                {
                    "name": "Caridad Zapatero Contreras",
                    "email": "devs@getmoxied.net"
                }
            ],
            "description": "Predefined ACF groups.",
            "homepage": "https://github.com/moxie-lean/wp-elements",
            "keywords": [
                "wordpress"
            ],
            "time": "2016-04-07 16:35:55"
        },
        {
            "name": "moxie-leean/wp-acf",
            "version": "0.4.4",
            "source": {
                "type": "git",
                "url": "https://github.com/moxie-leean/wp-acf.git",
                "reference": "e3c98a72ebc20b84571625d5ed0ff9d5ea5f4492"
            },
            "dist": {
                "type": "zip",
                "url": "https://api.github.com/repos/moxie-leean/wp-acf/zipball/e3c98a72ebc20b84571625d5ed0ff9d5ea5f4492",
                "reference": "e3c98a72ebc20b84571625d5ed0ff9d5ea5f4492",
                "shasum": ""
            },
            "require": {
                "php": ">=5.4"
            },
            "require-dev": {
                "squizlabs/php_codesniffer": "2.*",
                "wp-coding-standards/wpcs": "0.9.0"
            },
            "type": "library",
            "autoload": {
                "psr-4": {
                    "Leean\\": "src/"
                }
            },
            "notification-url": "https://packagist.org/downloads/",
            "license": [
                "MIT"
            ],
            "authors": [
                {
                    "name": "Adam Fenton",
                    "email": "devs@getmoxied.net"
                },
                {
                    "name": "Crisoforo Gaspar",
                    "email": "devs@getmoxied.net"
                }
            ],
            "description": "Helper functions for working with Advanced Custom Fields",
            "homepage": "https://github.com/moxie-leean/wp-acf",
            "keywords": [
                "acf",
                "wordpress"
            ],
            "time": "2016-04-05 00:51:32"
        },
        {
            "name": "moxie-leean/wp-endpoint",
            "version": "0.3.0",
            "source": {
                "type": "git",
                "url": "https://github.com/moxie-leean/wp-endpoint.git",
                "reference": "2c2bcf680f671022d24160c97bca8115d71b9951"
            },
            "dist": {
                "type": "zip",
                "url": "https://api.github.com/repos/moxie-leean/wp-endpoint/zipball/2c2bcf680f671022d24160c97bca8115d71b9951",
                "reference": "2c2bcf680f671022d24160c97bca8115d71b9951",
                "shasum": ""
            },
            "require": {
                "php": ">=5.4"
            },
            "require-dev": {
                "squizlabs/php_codesniffer": "2.*",
                "wp-coding-standards/wpcs": "0.9.0"
            },
            "type": "library",
            "autoload": {
                "psr-4": {
                    "Leean\\": "src/"
                }
            },
            "notification-url": "https://packagist.org/downloads/",
            "license": [
                "MIT"
            ],
            "authors": [
                {
                    "name": "Moxie Developers",
                    "email": "developer@getmoxied.net"
                }
            ],
            "description": "wp-endpoint",
            "homepage": "https://github.com/moxie-leean/wp-endpoints-post/",
            "time": "2016-04-19 14:24:34"
        },
        {
            "name": "moxie-leean/wp-utils",
            "version": "0.2.0",
            "source": {
                "type": "git",
                "url": "https://github.com/moxie-leean/wp-utils.git",
                "reference": "8e292ff5b8082a324e946db3a5f49f2c69d03a4d"
            },
            "dist": {
                "type": "zip",
                "url": "https://api.github.com/repos/moxie-leean/wp-utils/zipball/8e292ff5b8082a324e946db3a5f49f2c69d03a4d",
                "reference": "8e292ff5b8082a324e946db3a5f49f2c69d03a4d",
                "shasum": ""
            },
            "require": {
                "moxie-lean/wp-elements": "0.*.*",
                "moxie-leean/wp-acf": "0.*.*",
                "php": ">=5.4"
            },
            "require-dev": {
                "squizlabs/php_codesniffer": "2.*",
                "wp-coding-standards/wpcs": "0.9.0"
            },
            "type": "library",
            "autoload": {
                "psr-4": {
                    "Lean\\Utils\\": "src/"
                }
            },
            "notification-url": "https://packagist.org/downloads/",
            "license": [
                "MIT"
            ],
            "authors": [
                {
                    "name": "Adam Fenton",
                    "email": "devs@getmoxied.net"
                },
                {
                    "name": "Crisoforo Gaspar",
                    "email": "devs@getmoxied.net"
                }
            ],
            "description": "A suite of useful functions for your WordPress theme",
            "homepage": "https://github.com/moxie-leean/wp-utils",
            "keywords": [
                "wordpress"
            ],
            "time": "2016-04-19 22:49:14"
        }
    ],
    "packages-dev": [
        {
            "name": "squizlabs/php_codesniffer",
            "version": "2.6.0",
            "source": {
                "type": "git",
                "url": "https://github.com/squizlabs/PHP_CodeSniffer.git",
                "reference": "1bcdf03b068a530ac1962ce671dead356eeba43b"
            },
            "dist": {
                "type": "zip",
                "url": "https://api.github.com/repos/squizlabs/PHP_CodeSniffer/zipball/1bcdf03b068a530ac1962ce671dead356eeba43b",
                "reference": "1bcdf03b068a530ac1962ce671dead356eeba43b",
                "shasum": ""
            },
            "require": {
                "ext-simplexml": "*",
                "ext-tokenizer": "*",
                "ext-xmlwriter": "*",
                "php": ">=5.1.2"
            },
            "require-dev": {
                "phpunit/phpunit": "~4.0"
            },
            "bin": [
                "scripts/phpcs",
                "scripts/phpcbf"
            ],
            "type": "library",
            "extra": {
                "branch-alias": {
                    "dev-master": "2.x-dev"
                }
            },
            "autoload": {
                "classmap": [
                    "CodeSniffer.php",
                    "CodeSniffer/CLI.php",
                    "CodeSniffer/Exception.php",
                    "CodeSniffer/File.php",
                    "CodeSniffer/Fixer.php",
                    "CodeSniffer/Report.php",
                    "CodeSniffer/Reporting.php",
                    "CodeSniffer/Sniff.php",
                    "CodeSniffer/Tokens.php",
                    "CodeSniffer/Reports/",
                    "CodeSniffer/Tokenizers/",
                    "CodeSniffer/DocGenerators/",
                    "CodeSniffer/Standards/AbstractPatternSniff.php",
                    "CodeSniffer/Standards/AbstractScopeSniff.php",
                    "CodeSniffer/Standards/AbstractVariableSniff.php",
                    "CodeSniffer/Standards/IncorrectPatternException.php",
                    "CodeSniffer/Standards/Generic/Sniffs/",
                    "CodeSniffer/Standards/MySource/Sniffs/",
                    "CodeSniffer/Standards/PEAR/Sniffs/",
                    "CodeSniffer/Standards/PSR1/Sniffs/",
                    "CodeSniffer/Standards/PSR2/Sniffs/",
                    "CodeSniffer/Standards/Squiz/Sniffs/",
                    "CodeSniffer/Standards/Zend/Sniffs/"
                ]
            },
            "notification-url": "https://packagist.org/downloads/",
            "license": [
                "BSD-3-Clause"
            ],
            "authors": [
                {
                    "name": "Greg Sherwood",
                    "role": "lead"
                }
            ],
            "description": "PHP_CodeSniffer tokenizes PHP, JavaScript and CSS files and detects violations of a defined set of coding standards.",
            "homepage": "http://www.squizlabs.com/php-codesniffer",
            "keywords": [
                "phpcs",
                "standards"
            ],
            "time": "2016-04-03 22:58:34"
        },
        {
            "name": "wp-coding-standards/wpcs",
            "version": "0.9.0",
            "source": {
                "type": "git",
                "url": "https://github.com/WordPress-Coding-Standards/WordPress-Coding-Standards.git",
                "reference": "b415094aa5fd24da6eba2295323bcff840902dd3"
            },
            "dist": {
                "type": "zip",
                "url": "https://api.github.com/repos/WordPress-Coding-Standards/WordPress-Coding-Standards/zipball/b415094aa5fd24da6eba2295323bcff840902dd3",
                "reference": "b415094aa5fd24da6eba2295323bcff840902dd3",
                "shasum": ""
            },
            "require": {
                "squizlabs/php_codesniffer": "~2.2"
            },
            "type": "library",
            "notification-url": "https://packagist.org/downloads/",
            "license": [
                "MIT"
            ],
            "authors": [
                {
                    "name": "Contributors",
                    "homepage": "https://github.com/WordPress-Coding-Standards/WordPress-Coding-Standards/graphs/contributors"
                }
            ],
            "description": "PHP_CodeSniffer rules (sniffs) to enforce WordPress coding conventions",
            "keywords": [
                "phpcs",
                "standards",
                "wordpress"
            ],
            "time": "2016-02-01 16:14:59"
        }
    ],
    "aliases": [],
    "minimum-stability": "stable",
    "stability-flags": [],
    "prefer-stable": false,
    "prefer-lowest": false,
    "platform": {
        "php": ">=5.4"
    },
    "platform-dev": []
}
